
Microsoft Visual Studio Solution File, Format Version 12.00
# Visual Studio Version 17
VisualStudioVersion = 17.14.37516.0 d17.14
MinimumVisualStudioVersion = 10.0.40219.1
Project("{FAE04EC0-301F-11D3-BF4B-00C04F79EFBC}") = "WebApplication3", "WebApplication3\WebApplication3.csproj", "{D6F8978F-934C-42B0-B41F-7C4D91C22299}"
EndProject
Global
	GlobalSection(SolutionConfigurationPlatforms) = preSolution
		Debug|Any CPU = Debug|Any CPU
		Release|Any CPU = Release|Any CPU
	EndGlobalSection
	GlobalSection(ProjectConfigurationPlatforms) = postSolution
		{D6F8978F-934C-42B0-B41F-7C4D91C22299}.Debug|Any CPU.ActiveCfg = Debug|Any CPU
		{D6F8978F-934C-42B0-B41F-7C4D91C22299}.Debug|Any CPU.Build.0 = Debug|Any CPU
		{D6F8978F-934C-42B0-B41F-7C4D91C22299}.Release|Any CPU.ActiveCfg = Release|Any CPU
		{D6F8978F-934C-42B0-B41F-7C4D91C22299}.Release|Any CPU.Build.0 = Release|Any CPU
	EndGlobalSection
	GlobalSection(SolutionProperties) = preSolution
		HideSolutionNode = FALSE
	EndGlobalSection
	GlobalSection(ExtensibilityGlobals) = postSolution
		SolutionGuid = {06F5B31A-EF64-4DB3-A99A-0EB166317DDE}
	EndGlobalSection
EndGlobal
