
Microsoft Visual Studio Solution File, Format Version 12.00
# Visual Studio Version 17
VisualStudioVersion = 17.12.35527.113 d17.12
MinimumVisualStudioVersion = 10.0.40219.1
Project("{FAE04EC0-301F-11D3-BF4B-00C04F79EFBC}") = "crud", "crud\crud.csproj", "{DD3ACD05-7D51-40B9-A7EB-5B820399BFC5}"
EndProject
Project("{FAE04EC0-301F-11D3-BF4B-00C04F79EFBC}") = "DomainLayer", "DomainLayer\DomainLayer.csproj", "{F521B098-861A-4CA8-8A6A-7995F2BEED1B}"
EndProject
Project("{FAE04EC0-301F-11D3-BF4B-00C04F79EFBC}") = "ApplicationLayer", "ApplicationLayer\ApplicationLayer.csproj", "{22232E9E-C94A-4D3D-A4A3-7FDD213652C4}"
EndProject
Project("{FAE04EC0-301F-11D3-BF4B-00C04F79EFBC}") = "InferaLayer", "InferaLayer\InferaLayer.csproj", "{98FC6E23-0546-421F-A82C-4DAC8A50F241}"
EndProject
Global
	GlobalSection(SolutionConfigurationPlatforms) = preSolution
		Debug|Any CPU = Debug|Any CPU
		Release|Any CPU = Release|Any CPU
	EndGlobalSection
	GlobalSection(ProjectConfigurationPlatforms) = postSolution
		{DD3ACD05-7D51-40B9-A7EB-5B820399BFC5}.Debug|Any CPU.ActiveCfg = Debug|Any CPU
		{DD3ACD05-7D51-40B9-A7EB-5B820399BFC5}.Debug|Any CPU.Build.0 = Debug|Any CPU
		{DD3ACD05-7D51-40B9-A7EB-5B820399BFC5}.Release|Any CPU.ActiveCfg = Release|Any CPU
		{DD3ACD05-7D51-40B9-A7EB-5B820399BFC5}.Release|Any CPU.Build.0 = Release|Any CPU
		{F521B098-861A-4CA8-8A6A-7995F2BEED1B}.Debug|Any CPU.ActiveCfg = Debug|Any CPU
		{F521B098-861A-4CA8-8A6A-7995F2BEED1B}.Debug|Any CPU.Build.0 = Debug|Any CPU
		{F521B098-861A-4CA8-8A6A-7995F2BEED1B}.Release|Any CPU.ActiveCfg = Release|Any CPU
		{F521B098-861A-4CA8-8A6A-7995F2BEED1B}.Release|Any CPU.Build.0 = Release|Any CPU
		{22232E9E-C94A-4D3D-A4A3-7FDD213652C4}.Debug|Any CPU.ActiveCfg = Debug|Any CPU
		{22232E9E-C94A-4D3D-A4A3-7FDD213652C4}.Debug|Any CPU.Build.0 = Debug|Any CPU
		{22232E9E-C94A-4D3D-A4A3-7FDD213652C4}.Release|Any CPU.ActiveCfg = Release|Any CPU
		{22232E9E-C94A-4D3D-A4A3-7FDD213652C4}.Release|Any CPU.Build.0 = Release|Any CPU
		{98FC6E23-0546-421F-A82C-4DAC8A50F241}.Debug|Any CPU.ActiveCfg = Debug|Any CPU
		{98FC6E23-0546-421F-A82C-4DAC8A50F241}.Debug|Any CPU.Build.0 = Debug|Any CPU
		{98FC6E23-0546-421F-A82C-4DAC8A50F241}.Release|Any CPU.ActiveCfg = Release|Any CPU
		{98FC6E23-0546-421F-A82C-4DAC8A50F241}.Release|Any CPU.Build.0 = Release|Any CPU
	EndGlobalSection
	GlobalSection(SolutionProperties) = preSolution
		HideSolutionNode = FALSE
	EndGlobalSection
EndGlobal
