
Microsoft Visual Studio Solution File, Format Version 12.00
# Visual Studio Version 17
VisualStudioVersion = 17.14.37516.0 d17.14
MinimumVisualStudioVersion = 10.0.40219.1
Project("{FAE04EC0-301F-11D3-BF4B-00C04F79EFBC}") = "TemplateIntegration", "TemplateIntegration\TemplateIntegration.csproj", "{5D6185D9-5564-4813-86A0-7CE7AF16E0F1}"
EndProject
Global
	GlobalSection(SolutionConfigurationPlatforms) = preSolution
		Debug|Any CPU = Debug|Any CPU
		Release|Any CPU = Release|Any CPU
	EndGlobalSection
	GlobalSection(ProjectConfigurationPlatforms) = postSolution
		{5D6185D9-5564-4813-86A0-7CE7AF16E0F1}.Debug|Any CPU.ActiveCfg = Debug|Any CPU
		{5D6185D9-5564-4813-86A0-7CE7AF16E0F1}.Debug|Any CPU.Build.0 = Debug|Any CPU
		{5D6185D9-5564-4813-86A0-7CE7AF16E0F1}.Release|Any CPU.ActiveCfg = Release|Any CPU
		{5D6185D9-5564-4813-86A0-7CE7AF16E0F1}.Release|Any CPU.Build.0 = Release|Any CPU
	EndGlobalSection
	GlobalSection(SolutionProperties) = preSolution
		HideSolutionNode = FALSE
	EndGlobalSection
	GlobalSection(ExtensibilityGlobals) = postSolution
		SolutionGuid = {45E710C1-7942-4AB6-BED4-7A0616A91D0A}
	EndGlobalSection
EndGlobal
