
Microsoft Visual Studio Solution File, Format Version 12.00
# Visual Studio Version 17
VisualStudioVersion = 17.12.35527.113 d17.12
MinimumVisualStudioVersion = 10.0.40219.1
Project("{FAE04EC0-301F-11D3-BF4B-00C04F79EFBC}") = "partialAndArray", "partialAndArray\partialAndArray.csproj", "{9987CE8A-F1B2-4349-84C5-457DC8AF6302}"
EndProject
Project("{FAE04EC0-301F-11D3-BF4B-00C04F79EFBC}") = "overloaddingridding", "overloaddingridding\overloaddingridding.csproj", "{C043234B-439C-4B21-9B65-062A47B6E9B5}"
EndProject
Global
	GlobalSection(SolutionConfigurationPlatforms) = preSolution
		Debug|Any CPU = Debug|Any CPU
		Release|Any CPU = Release|Any CPU
	EndGlobalSection
	GlobalSection(ProjectConfigurationPlatforms) = postSolution
		{9987CE8A-F1B2-4349-84C5-457DC8AF6302}.Debug|Any CPU.ActiveCfg = Debug|Any CPU
		{9987CE8A-F1B2-4349-84C5-457DC8AF6302}.Debug|Any CPU.Build.0 = Debug|Any CPU
		{9987CE8A-F1B2-4349-84C5-457DC8AF6302}.Release|Any CPU.ActiveCfg = Release|Any CPU
		{9987CE8A-F1B2-4349-84C5-457DC8AF6302}.Release|Any CPU.Build.0 = Release|Any CPU
		{C043234B-439C-4B21-9B65-062A47B6E9B5}.Debug|Any CPU.ActiveCfg = Debug|Any CPU
		{C043234B-439C-4B21-9B65-062A47B6E9B5}.Debug|Any CPU.Build.0 = Debug|Any CPU
		{C043234B-439C-4B21-9B65-062A47B6E9B5}.Release|Any CPU.ActiveCfg = Release|Any CPU
		{C043234B-439C-4B21-9B65-062A47B6E9B5}.Release|Any CPU.Build.0 = Release|Any CPU
	EndGlobalSection
	GlobalSection(SolutionProperties) = preSolution
		HideSolutionNode = FALSE
	EndGlobalSection
EndGlobal
